
Microsoft Visual Studio Solution File, Format Version 12.00
# Visual Studio Version 17
VisualStudioVersion = 17.13.35825.156 d17.13
MinimumVisualStudioVersion = 10.0.40219.1
Project("{FAE04EC0-301F-11D3-BF4B-00C04F79EFBC}") = "Examen_3", "Examen_3.csproj", "{C2530047-EBB4-4E7E-92CF-61698683F3EB}"
EndProject
Global
	GlobalSection(SolutionConfigurationPlatforms) = preSolution
		Debug|Any CPU = Debug|Any CPU
		Release|Any CPU = Release|Any CPU
	EndGlobalSection
	GlobalSection(ProjectConfigurationPlatforms) = postSolution
		{C2530047-EBB4-4E7E-92CF-61698683F3EB}.Debug|Any CPU.ActiveCfg = Debug|Any CPU
		{C2530047-EBB4-4E7E-92CF-61698683F3EB}.Debug|Any CPU.Build.0 = Debug|Any CPU
		{C2530047-EBB4-4E7E-92CF-61698683F3EB}.Release|Any CPU.ActiveCfg = Release|Any CPU
		{C2530047-EBB4-4E7E-92CF-61698683F3EB}.Release|Any CPU.Build.0 = Release|Any CPU
	EndGlobalSection
	GlobalSection(SolutionProperties) = preSolution
		HideSolutionNode = FALSE
	EndGlobalSection
	GlobalSection(ExtensibilityGlobals) = postSolution
		SolutionGuid = {5E570A67-6A3A-4151-AD70-FEEB4132A207}
	EndGlobalSection
EndGlobal
